
Microsoft Visual Studio Solution File, Format Version 12.00
# Visual Studio Version 16
VisualStudioVersion = 16.0.31025.194
MinimumVisualStudioVersion = 10.0.40219.1
Project("{FAE04EC0-301F-11D3-BF4B-00C04F79EFBC}") = "Login", "Login\Login.csproj", "{C07F2B99-1C35-4479-8775-5E3833A9BF53}"
EndProject
Global
	GlobalSection(SolutionConfigurationPlatforms) = preSolution
		Debug|Any CPU = Debug|Any CPU
		Release|Any CPU = Release|Any CPU
	EndGlobalSection
	GlobalSection(ProjectConfigurationPlatforms) = postSolution
		{C07F2B99-1C35-4479-8775-5E3833A9BF53}.Debug|Any CPU.ActiveCfg = Debug|Any CPU
		{C07F2B99-1C35-4479-8775-5E3833A9BF53}.Debug|Any CPU.Build.0 = Debug|Any CPU
		{C07F2B99-1C35-4479-8775-5E3833A9BF53}.Release|Any CPU.ActiveCfg = Release|Any CPU
		{C07F2B99-1C35-4479-8775-5E3833A9BF53}.Release|Any CPU.Build.0 = Release|Any CPU
	EndGlobalSection
	GlobalSection(SolutionProperties) = preSolution
		HideSolutionNode = FALSE
	EndGlobalSection
	GlobalSection(ExtensibilityGlobals) = postSolution
		SolutionGuid = {13EFB926-8282-4CA2-A9F0-301F235A4555}
	EndGlobalSection
EndGlobal
